// !$*UTF8*$!
{
	archiveVersion = 1;
	classes = {
	};
	objectVersion = 50;
	objects = {

/* Begin PBXBuildFile section */
		B5352EEB2433CB8A002941AF /* AppDelegate.swift in Sources */ = {isa = PBXBuildFile; fileRef = B5352EEA2433CB8A002941AF /* AppDelegate.swift */; };
		B5352EED2433CB8A002941AF /* SceneDelegate.swift in Sources */ = {isa = PBXBuildFile; fileRef = B5352EEC2433CB8A002941AF /* SceneDelegate.swift */; };
		B5352EEF2433CB8A002941AF /* ContentView.swift in Sources */ = {isa = PBXBuildFile; fileRef = B5352EEE2433CB8A002941AF /* ContentView.swift */; };
		B5352EF12433CB8C002941AF /* Assets.xcassets in Resources */ = {isa = PBXBuildFile; fileRef = B5352EF02433CB8C002941AF /* Assets.xcassets */; };
		B5352EF42433CB8C002941AF /* Preview Assets.xcassets in Resources */ = {isa = PBXBuildFile; fileRef = B5352EF32433CB8C002941AF /* Preview Assets.xcassets */; };
		B5352EF72433CB8C002941AF /* LaunchScreen.storyboard in Resources */ = {isa = PBXBuildFile; fileRef = B5352EF52433CB8C002941AF /* LaunchScreen.storyboard */; };
		B5352F022433CB8C002941AF /* WeSplitTests.swift in Sources */ = {isa = PBXBuildFile; fileRef = B5352F012433CB8C002941AF /* WeSplitTests.swift */; };
		B5352F0D2433CB8C002941AF /* WeSplitUITests.swift in Sources */ = {isa = PBXBuildFile; fileRef = B5352F0C2433CB8C002941AF /* WeSplitUITests.swift */; };
/* End PBXBuildFile section */

/* Begin PBXContainerItemProxy section */
		B5352EFE2433CB8C002941AF /* PBXContainerItemProxy */ = {
			isa = PBXContainerItemProxy;
			containerPortal = B5352EDF2433CB8A002941AF /* Project object */;
			proxyType = 1;
			remoteGlobalIDString = B5352EE62433CB8A002941AF;
			remoteInfo = WeSplit;
		};
		B5352F092433CB8C002941AF /* PBXContainerItemProxy */ = {
			isa = PBXContainerItemProxy;
			containerPortal = B5352EDF2433CB8A002941AF /* Project object */;
			proxyType = 1;
			remoteGlobalIDString = B5352EE62433CB8A002941AF;
			remoteInfo = WeSplit;
		};
/* End PBXContainerItemProxy section */

/* Begin PBXFileReference section */
		B5352EE72433CB8A002941AF /* WeSplit.app */ = {isa = PBXFileReference; explicitFileType = wrapper.application; includeInIndex = 0; path = WeSplit.app; sourceTree = BUILT_PRODUCTS_DIR; };
		B5352EEA2433CB8A002941AF /* AppDelegate.swift */ = {isa = PBXFileReference; lastKnownFileType = sourcecode.swift; path = AppDelegate.swift; sourceTree = "<group>"; };
		B5352EEC2433CB8A002941AF /* SceneDelegate.swift */ = {isa = PBXFileReference; lastKnownFileType = sourcecode.swift; path = SceneDelegate.swift; sourceTree = "<group>"; };
		B5352EEE2433CB8A002941AF /* ContentView.swift */ = {isa = PBXFileReference; lastKnownFileType = sourcecode.swift; path = ContentView.swift; sourceTree = "<group>"; };
		B5352EF02433CB8C002941AF /* Assets.xcassets */ = {isa = PBXFileReference; lastKnownFileType = folder.assetcatalog; path = Assets.xcassets; sourceTree = "<group>"; };
		B5352EF32433CB8C002941AF /* Preview Assets.xcassets */ = {isa = PBXFileReference; lastKnownFileType = folder.assetcatalog; path = "Preview Assets.xcassets"; sourceTree = "<group>"; };
		B5352EF62433CB8C002941AF /* Base */ = {isa = PBXFileReference; lastKnownFileType = file.storyboard; name = Base; path = Base.lproj/LaunchScreen.storyboard; sourceTree = "<group>"; };
		B5352EF82433CB8C002941AF /* Info.plist */ = {isa = PBXFileReference; lastKnownFileType = text.plist.xml; path = Info.plist; sourceTree = "<group>"; };
		B5352EFD2433CB8C002941AF /* WeSplitTests.xctest */ = {isa = PBXFileReference; explicitFileType = wrapper.cfbundle; includeInIndex = 0; path = WeSplitTests.xctest; sourceTree = BUILT_PRODUCTS_DIR; };
		B5352F012433CB8C002941AF /* WeSplitTests.swift */ = {isa = PBXFileReference; lastKnownFileType = sourcecode.swift; path = WeSplitTests.swift; sourceTree = "<group>"; };
		B5352F032433CB8C002941AF /* Info.plist */ = {isa = PBXFileReference; lastKnownFileType = text.plist.xml; path = Info.plist; sourceTree = "<group>"; };
		B5352F082433CB8C002941AF /* WeSplitUITests.xctest */ = {isa = PBXFileReference; explicitFileType = wrapper.cfbundle; includeInIndex = 0; path = WeSplitUITests.xctest; sourceTree = BUILT_PRODUCTS_DIR; };
		B5352F0C2433CB8C002941AF /* WeSplitUITests.swift */ = {isa = PBXFileReference; lastKnownFileType = sourcecode.swift; path = WeSplitUITests.swift; sourceTree = "<group>"; };
		B5352F0E2433CB8C002941AF /* Info.plist */ = {isa = PBXFileReference; lastKnownFileType = text.plist.xml; path = Info.plist; sourceTree = "<group>"; };
/* End PBXFileReference section */

/* Begin PBXFrameworksBuildPhase section */
		B5352EE42433CB8A002941AF /* Frameworks */ = {
			isa = PBXFrameworksBuildPhase;
			buildActionMask = 2147483647;
			files = (
			);
			runOnlyForDeploymentPostprocessing = 0;
		};
		B5352EFA2433CB8C002941AF /* Frameworks */ = {
			isa = PBXFrameworksBuildPhase;
			buildActionMask = 2147483647;
			files = (
			);
			runOnlyForDeploymentPostprocessing = 0;
		};
		B5352F052433CB8C002941AF /* Frameworks */ = {
			isa = PBXFrameworksBuildPhase;
			buildActionMask = 2147483647;
			files = (
			);
			runOnlyForDeploymentPostprocessing = 0;
		};
/* End PBXFrameworksBuildPhase section */

/* Begin PBXGroup section */
		B5352EDE2433CB8A002941AF = {
			isa = PBXGroup;
			children = (
				B5352EE92433CB8A002941AF /* WeSplit */,
				B5352F002433CB8C002941AF /* WeSplitTests */,
				B5352F0B2433CB8C002941AF /* WeSplitUITests */,
				B5352EE82433CB8A002941AF /* Products */,
			);
			sourceTree = "<group>";
		};
		B5352EE82433CB8A002941AF /* Products */ = {
			isa = PBXGroup;
			children = (
				B5352EE72433CB8A002941AF /* WeSplit.app */,
				B5352EFD2433CB8C002941AF /* WeSplitTests.xctest */,
				B5352F082433CB8C002941AF /* WeSplitUITests.xctest */,
			);
			name = Products;
			sourceTree = "<group>";
		};
		B5352EE92433CB8A002941AF /* WeSplit */ = {
			isa = PBXGroup;
			children = (
				B5352EEA2433CB8A002941AF /* AppDelegate.swift */,
				B5352EEC2433CB8A002941AF /* SceneDelegate.swift */,
				B5352EEE2433CB8A002941AF /* ContentView.swift */,
				B5352EF02433CB8C002941AF /* Assets.xcassets */,
				B5352EF52433CB8C002941AF /* LaunchScreen.storyboard */,
				B5352EF82433CB8C002941AF /* Info.plist */,
				B5352EF22433CB8C002941AF /* Preview Content */,
			);
			path = WeSplit;
			sourceTree = "<group>";
		};
		B5352EF22433CB8C002941AF /* Preview Content */ = {
			isa = PBXGroup;
			children = (
				B5352EF32433CB8C002941AF /* Preview Assets.xcassets */,
			);
			path = "Preview Content";
			sourceTree = "<group>";
		};
		B5352F002433CB8C002941AF /* WeSplitTests */ = {
			isa = PBXGroup;
			children = (
				B5352F012433CB8C002941AF /* WeSplitTests.swift */,
				B5352F032433CB8C002941AF /* Info.plist */,
			);
			path = WeSplitTests;
			sourceTree = "<group>";
		};
		B5352F0B2433CB8C002941AF /* WeSplitUITests */ = {
			isa = PBXGroup;
			children = (
				B5352F0C2433CB8C002941AF /* WeSplitUITests.swift */,
				B5352F0E2433CB8C002941AF /* Info.plist */,
			);
			path = WeSplitUITests;
			sourceTree = "<group>";
		};
/* End PBXGroup section */

/* Begin PBXNativeTarget section */
		B5352EE62433CB8A002941AF /* WeSplit */ = {
			isa = PBXNativeTarget;
			buildConfigurationList = B5352F112433CB8C002941AF /* Build configuration list for PBXNativeTarget "WeSplit" */;
			buildPhases = (
				B5352EE32433CB8A002941AF /* Sources */,
				B5352EE42433CB8A002941AF /* Frameworks */,
				B5352EE52433CB8A002941AF /* Resources */,
			);
			buildRules = (
			);
			dependencies = (
			);
			name = WeSplit;
			productName = WeSplit;
			productReference = B5352EE72433CB8A002941AF /* WeSplit.app */;
			productType = "com.apple.product-type.application";
		};
		B5352EFC2433CB8C002941AF /* WeSplitTests */ = {
			isa = PBXNativeTarget;
			buildConfigurationList = B5352F142433CB8C002941AF /* Build configuration list for PBXNativeTarget "WeSplitTests" */;
			buildPhases = (
				B5352EF92433CB8C002941AF /* Sources */,
				B5352EFA2433CB8C002941AF /* Frameworks */,
				B5352EFB2433CB8C002941AF /* Resources */,
			);
			buildRules = (
			);
			dependencies = (
				B5352EFF2433CB8C002941AF /* PBXTargetDependency */,
			);
			name = WeSplitTests;
			productName = WeSplitTests;
			productReference = B5352EFD2433CB8C002941AF /* WeSplitTests.xctest */;
			productType = "com.apple.product-type.bundle.unit-test";
		};
		B5352F072433CB8C002941AF /* WeSplitUITests */ = {
			isa = PBXNativeTarget;
			buildConfigurationList = B5352F172433CB8C002941AF /* Build configuration list for PBXNativeTarget "WeSplitUITests" */;
			buildPhases = (
				B5352F042433CB8C002941AF /* Sources */,
				B5352F052433CB8C002941AF /* Frameworks */,
				B5352F062433CB8C002941AF /* Resources */,
			);
			buildRules = (
			);
			dependencies = (
				B5352F0A2433CB8C002941AF /* PBXTargetDependency */,
			);
			name = WeSplitUITests;
			productName = WeSplitUITests;
			productReference = B5352F082433CB8C002941AF /* WeSplitUITests.xctest */;
			productType = "com.apple.product-type.bundle.ui-testing";
		};
/* End PBXNativeTarget section */

/* Begin PBXProject section */
		B5352EDF2433CB8A002941AF /* Project object */ = {
			isa = PBXProject;
			attributes = {
				LastSwiftUpdateCheck = 1140;
				LastUpgradeCheck = 1140;
				ORGANIZATIONNAME = "Ben-G From The LPC";
				TargetAttributes = {
					B5352EE62433CB8A002941AF = {
						CreatedOnToolsVersion = 11.4;
					};
					B5352EFC2433CB8C002941AF = {
						CreatedOnToolsVersion = 11.4;
						TestTargetID = B5352EE62433CB8A002941AF;
					};
					B5352F072433CB8C002941AF = {
						CreatedOnToolsVersion = 11.4;
						TestTargetID = B5352EE62433CB8A002941AF;
					};
				};
			};
			buildConfigurationList = B5352EE22433CB8A002941AF /* Build configuration list for PBXProject "WeSplit" */;
			compatibilityVersion = "Xcode 9.3";
			developmentRegion = en;
			hasScannedForEncodings = 0;
			knownRegions = (
				en,
				Base,
			);
			mainGroup = B5352EDE2433CB8A002941AF;
			productRefGroup = B5352EE82433CB8A002941AF /* Products */;
			projectDirPath = "";
			projectRoot = "";
			targets = (
				B5352EE62433CB8A002941AF /* WeSplit */,
				B5352EFC2433CB8C002941AF /* WeSplitTests */,
				B5352F072433CB8C002941AF /* WeSplitUITests */,
			);
		};
/* End PBXProject section */

/* Begin PBXResourcesBuildPhase section */
		B5352EE52433CB8A002941AF /* Resources */ = {
			isa = PBXResourcesBuildPhase;
			buildActionMask = 2147483647;
			files = (
				B5352EF72433CB8C002941AF /* LaunchScreen.storyboard in Resources */,
				B5352EF42433CB8C002941AF /* Preview Assets.xcassets in Resources */,
				B5352EF12433CB8C002941AF /* Assets.xcassets in Resources */,
			);
			runOnlyForDeploymentPostprocessing = 0;
		};
		B5352EFB2433CB8C002941AF /* Resources */ = {
			isa = PBXResourcesBuildPhase;
			buildActionMask = 2147483647;
			files = (
			);
			runOnlyForDeploymentPostprocessing = 0;
		};
		B5352F062433CB8C002941AF /* Resources */ = {
			isa = PBXResourcesBuildPhase;
			buildActionMask = 2147483647;
			files = (
			);
			runOnlyForDeploymentPostprocessing = 0;
		};
/* End PBXResourcesBuildPhase section */

/* Begin PBXSourcesBuildPhase section */
		B5352EE32433CB8A002941AF /* Sources */ = {
			isa = PBXSourcesBuildPhase;
			buildActionMask = 2147483647;
			files = (
				B5352EEB2433CB8A002941AF /* AppDelegate.swift in Sources */,
				B5352EED2433CB8A002941AF /* SceneDelegate.swift in Sources */,
				B5352EEF2433CB8A002941AF /* ContentView.swift in Sources */,
			);
			runOnlyForDeploymentPostprocessing = 0;
		};
		B5352EF92433CB8C002941AF /* Sources */ = {
			isa = PBXSourcesBuildPhase;
			buildActionMask = 2147483647;
			files = (
				B5352F022433CB8C002941AF /* WeSplitTests.swift in Sources */,
			);
			runOnlyForDeploymentPostprocessing = 0;
		};
		B5352F042433CB8C002941AF /* Sources */ = {
			isa = PBXSourcesBuildPhase;
			buildActionMask = 2147483647;
			files = (
				B5352F0D2433CB8C002941AF /* WeSplitUITests.swift in Sources */,
			);
			runOnlyForDeploymentPostprocessing = 0;
		};
/* End PBXSourcesBuildPhase section */

/* Begin PBXTargetDependency section */
		B5352EFF2433CB8C002941AF /* PBXTargetDependency */ = {
			isa = PBXTargetDependency;
			target = B5352EE62433CB8A002941AF /* WeSplit */;
			targetProxy = B5352EFE2433CB8C002941AF /* PBXContainerItemProxy */;
		};
		B5352F0A2433CB8C002941AF /* PBXTargetDependency */ = {
			isa = PBXTargetDependency;
			target = B5352EE62433CB8A002941AF /* WeSplit */;
			targetProxy = B5352F092433CB8C002941AF /* PBXContainerItemProxy */;
		};
/* End PBXTargetDependency section */

/* Begin PBXVariantGroup section */
		B5352EF52433CB8C002941AF /* LaunchScreen.storyboard */ = {
			isa = PBXVariantGroup;
			children = (
				B5352EF62433CB8C002941AF /* Base */,
			);
			name = LaunchScreen.storyboard;
			sourceTree = "<group>";
		};
/* End PBXVariantGroup section */

/* Begin XCBuildConfiguration section */
		B5352F0F2433CB8C002941AF /* Debug */ = {
			isa = XCBuildConfiguration;
			buildSettings = {
				ALWAYS_SEARCH_USER_PATHS = NO;
				CLANG_ANALYZER_NONNULL = YES;
				CLANG_ANALYZER_NUMBER_OBJECT_CONVERSION = YES_AGGRESSIVE;
				CLANG_CXX_LANGUAGE_STANDARD = "gnu++14";
				CLANG_CXX_LIBRARY = "libc++";
				CLANG_ENABLE_MODULES = YES;
				CLANG_ENABLE_OBJC_ARC = YES;
				CLANG_ENABLE_OBJC_WEAK = YES;
				CLANG_WARN_BLOCK_CAPTURE_AUTORELEASING = YES;
				CLANG_WARN_BOOL_CONVERSION = YES;
				CLANG_WARN_COMMA = YES;
				CLANG_WARN_CONSTANT_CONVERSION = YES;
				CLANG_WARN_DEPRECATED_OBJC_IMPLEMENTATIONS = YES;
				CLANG_WARN_DIRECT_OBJC_ISA_USAGE = YES_ERROR;
				CLANG_WARN_DOCUMENTATION_COMMENTS = YES;
				CLANG_WARN_EMPTY_BODY = YES;
				CLANG_WARN_ENUM_CONVERSION = YES;
				CLANG_WARN_INFINITE_RECURSION = YES;
				CLANG_WARN_INT_CONVERSION = YES;
				CLANG_WARN_NON_LITERAL_NULL_CONVERSION = YES;
				CLANG_WARN_OBJC_IMPLICIT_RETAIN_SELF = YES;
				CLANG_WARN_OBJC_LITERAL_CONVERSION = YES;
				CLANG_WARN_OBJC_ROOT_CLASS = YES_ERROR;
				CLANG_WARN_RANGE_LOOP_ANALYSIS = YES;
				CLANG_WARN_STRICT_PROTOTYPES = YES;
				CLANG_WARN_SUSPICIOUS_MOVE = YES;
				CLANG_WARN_UNGUARDED_AVAILABILITY = YES_AGGRESSIVE;
				CLANG_WARN_UNREACHABLE_CODE = YES;
				CLANG_WARN__DUPLICATE_METHOD_MATCH = YES;
				COPY_PHASE_STRIP = NO;
				DEBUG_INFORMATION_FORMAT = dwarf;
				ENABLE_STRICT_OBJC_MSGSEND = YES;
				ENABLE_TESTABILITY = YES;
				GCC_C_LANGUAGE_STANDARD = gnu11;
				GCC_DYNAMIC_NO_PIC = NO;
				GCC_NO_COMMON_BLOCKS = YES;
				GCC_OPTIMIZATION_LEVEL = 0;
				GCC_PREPROCESSOR_DEFINITIONS = (
					"DEBUG=1",
					"$(inherited)",
				);
				GCC_WARN_64_TO_32_BIT_CONVERSION = YES;
				GCC_WARN_ABOUT_RETURN_TYPE = YES_ERROR;
				GCC_WARN_UNDECLARED_SELECTOR = YES;
				GCC_WARN_UNINITIALIZED_AUTOS = YES_AGGRESSIVE;
				GCC_WARN_UNUSED_FUNCTION = YES;
				GCC_WARN_UNUSED_VARIABLE = YES;
				IPHONEOS_DEPLOYMENT_TARGET = 13.4;
				MTL_ENABLE_DEBUG_INFO = INCLUDE_SOURCE;
				MTL_FAST_MATH = YES;
				ONLY_ACTIVE_ARCH = YES;
				SDKROOT = iphoneos;
				SWIFT_ACTIVE_COMPILATION_CONDITIONS = DEBUG;
				SWIFT_OPTIMIZATION_LEVEL = "-Onone";
			};
			name = Debug;
		};
		B5352F102433CB8C002941AF /* Release */ = {
			isa = XCBuildConfiguration;
			buildSettings = {
				ALWAYS_SEARCH_USER_PATHS = NO;
				CLANG_ANALYZER_NONNULL = YES;
				CLANG_ANALYZER_NUMBER_OBJECT_CONVERSION = YES_AGGRESSIVE;
				CLANG_CXX_LANGUAGE_STANDARD = "gnu++14";
				CLANG_CXX_LIBRARY = "libc++";
				CLANG_ENABLE_MODULES = YES;
				CLANG_ENABLE_OBJC_ARC = YES;
				CLANG_ENABLE_OBJC_WEAK = YES;
				CLANG_WARN_BLOCK_CAPTURE_AUTORELEASING = YES;
				CLANG_WARN_BOOL_CONVERSION = YES;
				CLANG_WARN_COMMA = YES;
				CLANG_WARN_CONSTANT_CONVERSION = YES;
				CLANG_WARN_DEPRECATED_OBJC_IMPLEMENTATIONS = YES;
				CLANG_WARN_DIRECT_OBJC_ISA_USAGE = YES_ERROR;
				CLANG_WARN_DOCUMENTATION_COMMENTS = YES;
				CLANG_WARN_EMPTY_BODY = YES;
				CLANG_WARN_ENUM_CONVERSION = YES;
				CLANG_WARN_INFINITE_RECURSION = YES;
				CLANG_WARN_INT_CONVERSION = YES;
				CLANG_WARN_NON_LITERAL_NULL_CONVERSION = YES;
				CLANG_WARN_OBJC_IMPLICIT_RETAIN_SELF = YES;
				CLANG_WARN_OBJC_LITERAL_CONVERSION = YES;
				CLANG_WARN_OBJC_ROOT_CLASS = YES_ERROR;
				CLANG_WARN_RANGE_LOOP_ANALYSIS = YES;
				CLANG_WARN_STRICT_PROTOTYPES = YES;
				CLANG_WARN_SUSPICIOUS_MOVE = YES;
				CLANG_WARN_UNGUARDED_AVAILABILITY = YES_AGGRESSIVE;
				CLANG_WARN_UNREACHABLE_CODE = YES;
				CLANG_WARN__DUPLICATE_METHOD_MATCH = YES;
				COPY_PHASE_STRIP = NO;
				DEBUG_INFORMATION_FORMAT = "dwarf-with-dsym";
				ENABLE_NS_ASSERTIONS = NO;
				ENABLE_STRICT_OBJC_MSGSEND = YES;
				GCC_C_LANGUAGE_STANDARD = gnu11;
				GCC_NO_COMMON_BLOCKS = YES;
				GCC_WARN_64_TO_32_BIT_CONVERSION = YES;
				GCC_WARN_ABOUT_RETURN_TYPE = YES_ERROR;
				GCC_WARN_UNDECLARED_SELECTOR = YES;
				GCC_WARN_UNINITIALIZED_AUTOS = YES_AGGRESSIVE;
				GCC_WARN_UNUSED_FUNCTION = YES;
				GCC_WARN_UNUSED_VARIABLE = YES;
				IPHONEOS_DEPLOYMENT_TARGET = 13.4;
				MTL_ENABLE_DEBUG_INFO = NO;
				MTL_FAST_MATH = YES;
				SDKROOT = iphoneos;
				SWIFT_COMPILATION_MODE = wholemodule;
				SWIFT_OPTIMIZATION_LEVEL = "-O";
				VALIDATE_PRODUCT = YES;
			};
			name = Release;
		};
		B5352F122433CB8C002941AF /* Debug */ = {
			isa = XCBuildConfiguration;
			buildSettings = {
				ASSETCATALOG_COMPILER_APPICON_NAME = AppIcon;
				CODE_SIGN_STYLE = Automatic;
				DEVELOPMENT_ASSET_PATHS = "\"WeSplit/Preview Content\"";
				ENABLE_PREVIEWS = YES;
				INFOPLIST_FILE = WeSplit/Info.plist;
				LD_RUNPATH_SEARCH_PATHS = (
					"$(inherited)",
					"@executable_path/Frameworks",
				);
				PRODUCT_BUNDLE_IDENTIFIER = com.dopeparadigm.WeSplit;
				PRODUCT_NAME = "$(TARGET_NAME)";
				SWIFT_VERSION = 5.0;
				TARGETED_DEVICE_FAMILY = "1,2";
			};
			name = Debug;
		};
		B5352F132433CB8C002941AF /* Release */ = {
			isa = XCBuildConfiguration;
			buildSettings = {
				ASSETCATALOG_COMPILER_APPICON_NAME = AppIcon;
				CODE_SIGN_STYLE = Automatic;
				DEVELOPMENT_ASSET_PATHS = "\"WeSplit/Preview Content\"";
				ENABLE_PREVIEWS = YES;
				INFOPLIST_FILE = WeSplit/Info.plist;
				LD_RUNPATH_SEARCH_PATHS = (
					"$(inherited)",
					"@executable_path/Frameworks",
				);
				PRODUCT_BUNDLE_IDENTIFIER = com.dopeparadigm.WeSplit;
				PRODUCT_NAME = "$(TARGET_NAME)";
				SWIFT_VERSION = 5.0;
				TARGETED_DEVICE_FAMILY = "1,2";
			};
			name = Release;
		};
		B5352F152433CB8C002941AF /* Debug */ = {
			isa = XCBuildConfiguration;
			buildSettings = {
				ALWAYS_EMBED_SWIFT_STANDARD_LIBRARIES = YES;
				BUNDLE_LOADER = "$(TEST_HOST)";
				CODE_SIGN_STYLE = Automatic;
				INFOPLIST_FILE = WeSplitTests/Info.plist;
				IPHONEOS_DEPLOYMENT_TARGET = 13.4;
				LD_RUNPATH_SEARCH_PATHS = (
					"$(inherited)",
					"@executable_path/Frameworks",
					"@loader_path/Frameworks",
				);
				PRODUCT_BUNDLE_IDENTIFIER = com.dopeparadigm.WeSplitTests;
				PRODUCT_NAME = "$(TARGET_NAME)";
				SWIFT_VERSION = 5.0;
				TARGETED_DEVICE_FAMILY = "1,2";
				TEST_HOST = "$(BUILT_PRODUCTS_DIR)/WeSplit.app/WeSplit";
			};
			name = Debug;
		};
		B5352F162433CB8C002941AF /* Release */ = {
			isa = XCBuildConfiguration;
			buildSettings = {
				ALWAYS_EMBED_SWIFT_STANDARD_LIBRARIES = YES;
				BUNDLE_LOADER = "$(TEST_HOST)";
				CODE_SIGN_STYLE = Automatic;
				INFOPLIST_FILE = WeSplitTests/Info.plist;
				IPHONEOS_DEPLOYMENT_TARGET = 13.4;
				LD_RUNPATH_SEARCH_PATHS = (
					"$(inherited)",
					"@executable_path/Frameworks",
					"@loader_path/Frameworks",
				);
				PRODUCT_BUNDLE_IDENTIFIER = com.dopeparadigm.WeSplitTests;
				PRODUCT_NAME = "$(TARGET_NAME)";
				SWIFT_VERSION = 5.0;
				TARGETED_DEVICE_FAMILY = "1,2";
				TEST_HOST = "$(BUILT_PRODUCTS_DIR)/WeSplit.app/WeSplit";
			};
			name = Release;
		};
		B5352F182433CB8C002941AF /* Debug */ = {
			isa = XCBuildConfiguration;
			buildSettings = {
				ALWAYS_EMBED_SWIFT_STANDARD_LIBRARIES = YES;
				CODE_SIGN_STYLE = Automatic;
				INFOPLIST_FILE = WeSplitUITests/Info.plist;
				LD_RUNPATH_SEARCH_PATHS = (
					"$(inherited)",
					"@executable_path/Frameworks",
					"@loader_path/Frameworks",
				);
				PRODUCT_BUNDLE_IDENTIFIER = com.dopeparadigm.WeSplitUITests;
				PRODUCT_NAME = "$(TARGET_NAME)";
				SWIFT_VERSION = 5.0;
				TARGETED_DEVICE_FAMILY = "1,2";
				TEST_TARGET_NAME = WeSplit;
			};
			name = Debug;
		};
		B5352F192433CB8C002941AF /* Release */ = {
			isa = XCBuildConfiguration;
			buildSettings = {
				ALWAYS_EMBED_SWIFT_STANDARD_LIBRARIES = YES;
				CODE_SIGN_STYLE = Automatic;
				INFOPLIST_FILE = WeSplitUITests/Info.plist;
				LD_RUNPATH_SEARCH_PATHS = (
					"$(inherited)",
					"@executable_path/Frameworks",
					"@loader_path/Frameworks",
				);
				PRODUCT_BUNDLE_IDENTIFIER = com.dopeparadigm.WeSplitUITests;
				PRODUCT_NAME = "$(TARGET_NAME)";
				SWIFT_VERSION = 5.0;
				TARGETED_DEVICE_FAMILY = "1,2";
				TEST_TARGET_NAME = WeSplit;
			};
			name = Release;
		};
/* End XCBuildConfiguration section */

/* Begin XCConfigurationList section */
		B5352EE22433CB8A002941AF /* Build configuration list for PBXProject "WeSplit" */ = {
			isa = XCConfigurationList;
			buildConfigurations = (
				B5352F0F2433CB8C002941AF /* Debug */,
				B5352F102433CB8C002941AF /* Release */,
			);
			defaultConfigurationIsVisible = 0;
			defaultConfigurationName = Release;
		};
		B5352F112433CB8C002941AF /* Build configuration list for PBXNativeTarget "WeSplit" */ = {
			isa = XCConfigurationList;
			buildConfigurations = (
				B5352F122433CB8C002941AF /* Debug */,
				B5352F132433CB8C002941AF /* Release */,
			);
			defaultConfigurationIsVisible = 0;
			defaultConfigurationName = Release;
		};
		B5352F142433CB8C002941AF /* Build configuration list for PBXNativeTarget "WeSplitTests" */ = {
			isa = XCConfigurationList;
			buildConfigurations = (
				B5352F152433CB8C002941AF /* Debug */,
				B5352F162433CB8C002941AF /* Release */,
			);
			defaultConfigurationIsVisible = 0;
			defaultConfigurationName = Release;
		};
		B5352F172433CB8C002941AF /* Build configuration list for PBXNativeTarget "WeSplitUITests" */ = {
			isa = XCConfigurationList;
			buildConfigurations = (
				B5352F182433CB8C002941AF /* Debug */,
				B5352F192433CB8C002941AF /* Release */,
			);
			defaultConfigurationIsVisible = 0;
			defaultConfigurationName = Release;
		};
/* End XCConfigurationList section */
	};
	rootObject = B5352EDF2433CB8A002941AF /* Project object */;
}
